<Solution>
  <Folder Name="/adapters/">
    <Project Path="adapters/FluentPdf.Adapters.QuestPdf/FluentPdf.Adapters.QuestPdf.csproj" />
    <Project Path="adapters/FluentPdf.Adapters.iText/FluentPdf.Adapters.iText.csproj" />
  </Folder>
  <Folder Name="/tools/">
    <Project Path="tools/FluentPdf.Visual/FluentPdf.Visual.csproj" />
  </Folder>
  <Folder Name="/samples/">
    <Project Path="samples/FluentPdf.Samples/FluentPdf.Samples.csproj" />
  </Folder>
  <Folder Name="/src/">
    <Project Path="src/FluentPdf.Application/FluentPdf.Application.csproj" />
    <Project Path="src/FluentPdf.Conformance/FluentPdf.Conformance.csproj" />
    <Project Path="src/FluentPdf.Domain/FluentPdf.Domain.csproj" />
    <Project Path="src/FluentPdf.Infrastructure/FluentPdf.Infrastructure.csproj" />
    <Project Path="src/FluentPdf.Kernel/FluentPdf.Kernel.csproj" />
  </Folder>
  <Folder Name="/tests/">
    <Project Path="tests/FluentPdf.Application.UnitTests/FluentPdf.Application.UnitTests.csproj" />
    <Project Path="tests/FluentPdf.ArchitectureTests/FluentPdf.ArchitectureTests.csproj" />
    <Project Path="tests/FluentPdf.Domain.UnitTests/FluentPdf.Domain.UnitTests.csproj" />
    <Project Path="tests/FluentPdf.Infrastructure.ConformanceTests/FluentPdf.Infrastructure.ConformanceTests.csproj" />
    <Project Path="tests/FluentPdf.Infrastructure.UnitTests/FluentPdf.Infrastructure.UnitTests.csproj" />
    <Project Path="tests/FluentPdf.Kernel.UnitTests/FluentPdf.Kernel.UnitTests.csproj" />
    <Project Path="tests/FluentPdf.Samples.UnitTests/FluentPdf.Samples.UnitTests.csproj" />
    <Project Path="tests/FluentPdf.Adapters.QuestPdf.ConformanceTests/FluentPdf.Adapters.QuestPdf.ConformanceTests.csproj" />
    <Project Path="tests/FluentPdf.Adapters.iText.ConformanceTests/FluentPdf.Adapters.iText.ConformanceTests.csproj" />
    <Project Path="tests/FluentPdf.Visual.UnitTests/FluentPdf.Visual.UnitTests.csproj" />
  </Folder>
</Solution>
